// !$*UTF8*$!
{
	archiveVersion = 1;
	classes = {
	};
	objectVersion = 46;
	objects = {

/* Begin PBXBuildFile section */
		1A14671B1E093C1900B691EF /* FilteredFlat.swift in Sources */ = {isa = PBXBuildFile; fileRef = 1A14671A1E093C1900B691EF /* FilteredFlat.swift */; };
		1A19484F1E198C8E0009583C /* GoogleService-Info.plist in Resources */ = {isa = PBXBuildFile; fileRef = 1A19484E1E198C8E0009583C /* GoogleService-Info.plist */; };
		1A24DAE21E036A6E00C49269 /* Querymaster.swift in Sources */ = {isa = PBXBuildFile; fileRef = 1A24DAE11E036A6E00C49269 /* Querymaster.swift */; };
		1A3440971E16E106006D2F25 /* Reservation.swift in Sources */ = {isa = PBXBuildFile; fileRef = 1A3440961E16E106006D2F25 /* Reservation.swift */; };
		1A4917BB1E05DC69009E39DF /* Rate.swift in Sources */ = {isa = PBXBuildFile; fileRef = 1A4917BA1E05DC69009E39DF /* Rate.swift */; };
		1A4917BD1E05EBD6009E39DF /* Datebaby.swift in Sources */ = {isa = PBXBuildFile; fileRef = 1A4917BC1E05EBD6009E39DF /* Datebaby.swift */; };
		1A5303FF1E01E728001CFAEE /* FlatImage.swift in Sources */ = {isa = PBXBuildFile; fileRef = 1A5303FE1E01E728001CFAEE /* FlatImage.swift */; };
		1A613D061DFF5A1A0073D4A3 /* Flat.swift in Sources */ = {isa = PBXBuildFile; fileRef = 1A613D051DFF5A1A0073D4A3 /* Flat.swift */; };
		1A6A1F8F1E1526D800D644BD /* SpacesVC.swift in Sources */ = {isa = PBXBuildFile; fileRef = 1A6A1F8E1E1526D800D644BD /* SpacesVC.swift */; };
		1A6A1F921E15285600D644BD /* spacescell.swift in Sources */ = {isa = PBXBuildFile; fileRef = 1A6A1F911E15285600D644BD /* spacescell.swift */; };
		1A6EF8311E18BA9100E7AA2E /* Wishcell.swift in Sources */ = {isa = PBXBuildFile; fileRef = 1A6EF8301E18BA9100E7AA2E /* Wishcell.swift */; };
		1A6EF8331E18BB2E00E7AA2E /* WishVC.swift in Sources */ = {isa = PBXBuildFile; fileRef = 1A6EF8321E18BB2E00E7AA2E /* WishVC.swift */; };
		1A8A8ADB1DF2B31200AD2378 /* FIRREF.swift in Sources */ = {isa = PBXBuildFile; fileRef = 1A8A8ADA1DF2B31200AD2378 /* FIRREF.swift */; };
		1A90375E1E15A77700DFE510 /* Issue.swift in Sources */ = {isa = PBXBuildFile; fileRef = 1A90375D1E15A77700DFE510 /* Issue.swift */; };
		1A9037601E15C31300DFE510 /* ReservationRequest.swift in Sources */ = {isa = PBXBuildFile; fileRef = 1A90375F1E15C31300DFE510 /* ReservationRequest.swift */; };
		1A9037631E15C7D200DFE510 /* Promotion.swift in Sources */ = {isa = PBXBuildFile; fileRef = 1A9037621E15C7D200DFE510 /* Promotion.swift */; };
		1AC48B891DE6615100505913 /* AppDelegate.swift in Sources */ = {isa = PBXBuildFile; fileRef = 1AC48B881DE6615100505913 /* AppDelegate.swift */; };
		1AC48B901DE6615100505913 /* Assets.xcassets in Resources */ = {isa = PBXBuildFile; fileRef = 1AC48B8F1DE6615100505913 /* Assets.xcassets */; };
		1AC48B931DE6615100505913 /* LaunchScreen.storyboard in Resources */ = {isa = PBXBuildFile; fileRef = 1AC48B911DE6615100505913 /* LaunchScreen.storyboard */; };
		1AC48B9E1DE6615100505913 /* UserModelTests.swift in Sources */ = {isa = PBXBuildFile; fileRef = 1AC48B9D1DE6615100505913 /* UserModelTests.swift */; };
		1AC48BA91DE6615100505913 /* iFlatUITests.swift in Sources */ = {isa = PBXBuildFile; fileRef = 1AC48BA81DE6615100505913 /* iFlatUITests.swift */; };
		1AC48BC31DE6625C00505913 /* ControlPanelVC.swift in Sources */ = {isa = PBXBuildFile; fileRef = 1AC48BC21DE6625C00505913 /* ControlPanelVC.swift */; };
		1ACDDC531E11775E00E34629 /* MainFlow.storyboard in Resources */ = {isa = PBXBuildFile; fileRef = 1ACDDC521E11775E00E34629 /* MainFlow.storyboard */; };
		1AD2C4051E06020B0030FF15 /* TableViewCell.swift in Sources */ = {isa = PBXBuildFile; fileRef = 1AD2C4041E06020B0030FF15 /* TableViewCell.swift */; };
		1AD826541E13362B0021EF4F /* SettingsVC.swift in Sources */ = {isa = PBXBuildFile; fileRef = 1AD826531E13362B0021EF4F /* SettingsVC.swift */; };
		1AD852461E07E67500A1F5B3 /* ManipulableFlat.swift in Sources */ = {isa = PBXBuildFile; fileRef = 1AD852451E07E67500A1F5B3 /* ManipulableFlat.swift */; };
		1AD852481E07E67B00A1F5B3 /* FIRFlat.swift in Sources */ = {isa = PBXBuildFile; fileRef = 1AD852471E07E67B00A1F5B3 /* FIRFlat.swift */; };
		1ADCD0281DF1816600CC08F9 /* User.swift in Sources */ = {isa = PBXBuildFile; fileRef = 1ADCD0271DF1816600CC08F9 /* User.swift */; };
		1ADCD02B1DF1817200CC08F9 /* FIRUSER.swift in Sources */ = {isa = PBXBuildFile; fileRef = 1ADCD0291DF1817200CC08F9 /* FIRUSER.swift */; };
		1ADCD02C1DF1817200CC08F9 /* ManipulableUser.swift in Sources */ = {isa = PBXBuildFile; fileRef = 1ADCD02A1DF1817200CC08F9 /* ManipulableUser.swift */; };
		462D7F141DF587B80060807B /* FlatProfile.storyboard in Resources */ = {isa = PBXBuildFile; fileRef = 462D7F131DF587B80060807B /* FlatProfile.storyboard */; };
		462D7F161DF588760060807B /* FlatProfileViewController.swift in Sources */ = {isa = PBXBuildFile; fileRef = 462D7F151DF588760060807B /* FlatProfileViewController.swift */; };
		462D7F1C1DF58F7D0060807B /* ListFlatViewController.swift in Sources */ = {isa = PBXBuildFile; fileRef = 462D7F1B1DF58F7D0060807B /* ListFlatViewController.swift */; };
		462D7F1E1DF590F80060807B /* ListFlatCollectionViewCell.swift in Sources */ = {isa = PBXBuildFile; fileRef = 462D7F1D1DF590F80060807B /* ListFlatCollectionViewCell.swift */; };
		46E8E9991DF09B1900C265E3 /* Authentication.storyboard in Resources */ = {isa = PBXBuildFile; fileRef = 46E8E9981DF09B1900C265E3 /* Authentication.storyboard */; };
		46E8E9B01DF0A0F100C265E3 /* RegisterViewController.swift in Sources */ = {isa = PBXBuildFile; fileRef = 46E8E9AF1DF0A0F100C265E3 /* RegisterViewController.swift */; };
		46E8E9B21DF0A0FB00C265E3 /* LoginViewController.swift in Sources */ = {isa = PBXBuildFile; fileRef = 46E8E9B11DF0A0FB00C265E3 /* LoginViewController.swift */; };
		803DE57D1E0F410300CCB17E /* FlatImagesCell.swift in Sources */ = {isa = PBXBuildFile; fileRef = 803DE57C1E0F410300CCB17E /* FlatImagesCell.swift */; };
		803DE5D91E11AE6000CCB17E /* CellView.xib in Resources */ = {isa = PBXBuildFile; fileRef = 803DE5D81E11AE6000CCB17E /* CellView.xib */; };
		803DE5DE1E11AF2900CCB17E /* CellView.swift in Sources */ = {isa = PBXBuildFile; fileRef = 803DE5DD1E11AF2900CCB17E /* CellView.swift */; };
		803DE5E01E11B00200CCB17E /* ReservationViewController.swift in Sources */ = {isa = PBXBuildFile; fileRef = 803DE5DF1E11B00200CCB17E /* ReservationViewController.swift */; };
		803DE5E21E11B9AB00CCB17E /* Reservation.storyboard in Resources */ = {isa = PBXBuildFile; fileRef = 803DE5E11E11B9AB00CCB17E /* Reservation.storyboard */; };
		80E17F441DFAB5520020C695 /* FiltersViewController.swift in Sources */ = {isa = PBXBuildFile; fileRef = 80E17F431DFAB5520020C695 /* FiltersViewController.swift */; };
		80E17F481DFABE4C0020C695 /* ListFlat.storyboard in Resources */ = {isa = PBXBuildFile; fileRef = 80E17F471DFABE4C0020C695 /* ListFlat.storyboard */; };
		80E17F4E1DFAC9550020C695 /* NumberPlusPicker.swift in Sources */ = {isa = PBXBuildFile; fileRef = 80E17F4D1DFAC9550020C695 /* NumberPlusPicker.swift */; };
		951A92981DF4E21800199B83 /* EntranceStoryBoard.storyboard in Resources */ = {isa = PBXBuildFile; fileRef = 951A92971DF4E21800199B83 /* EntranceStoryBoard.storyboard */; };
		951A929C1DF4E23100199B83 /* EntranceViewController.swift in Sources */ = {isa = PBXBuildFile; fileRef = 951A929B1DF4E23100199B83 /* EntranceViewController.swift */; };
		9535FE2C1E07F6EB00297E90 /* FlatExtension.swift in Sources */ = {isa = PBXBuildFile; fileRef = 9535FE2B1E07F6EB00297E90 /* FlatExtension.swift */; };
		953CCFB81E0EDDAE002FC590 /* ConvertUrlToImage.swift in Sources */ = {isa = PBXBuildFile; fileRef = 953CCFB71E0EDDAE002FC590 /* ConvertUrlToImage.swift */; };
		953CCFBA1E0EFE90002FC590 /* UserExtension.swift in Sources */ = {isa = PBXBuildFile; fileRef = 953CCFB91E0EFE90002FC590 /* UserExtension.swift */; };
		955F425B1E11300900A5BA5A /* EditProfileStoryBoard.storyboard in Resources */ = {isa = PBXBuildFile; fileRef = 955F425A1E11300900A5BA5A /* EditProfileStoryBoard.storyboard */; };
		957A65661DF5D8A500844766 /* RenterEditOwnProfieController.swift in Sources */ = {isa = PBXBuildFile; fileRef = 957A65651DF5D8A500844766 /* RenterEditOwnProfieController.swift */; };
		958FB14C1E1714FA00744E59 /* OpenIssueStoryBoard.storyboard in Resources */ = {isa = PBXBuildFile; fileRef = 958FB14B1E1714FA00744E59 /* OpenIssueStoryBoard.storyboard */; };
		958FB1501E1716BB00744E59 /* OpenIssueViewController.swift in Sources */ = {isa = PBXBuildFile; fileRef = 958FB14F1E1716BB00744E59 /* OpenIssueViewController.swift */; };
		958FB1521E171CDE00744E59 /* ShowUserProfileStoryboard.storyboard in Resources */ = {isa = PBXBuildFile; fileRef = 958FB1511E171CDE00744E59 /* ShowUserProfileStoryboard.storyboard */; };
		958FB1541E17239900744E59 /* ShowUserProfileViewController.swift in Sources */ = {isa = PBXBuildFile; fileRef = 958FB1531E17239900744E59 /* ShowUserProfileViewController.swift */; };
		95AC4F151DFAD82700A7F106 /* FilterModel.swift in Sources */ = {isa = PBXBuildFile; fileRef = 95AC4F141DFAD82700A7F106 /* FilterModel.swift */; };
		95D9EBB31DF65E690066156F /* ConvertString.swift in Sources */ = {isa = PBXBuildFile; fileRef = 95D9EBB21DF65E690066156F /* ConvertString.swift */; };
		95D9EBB71DF6668A0066156F /* ShowAlert.swift in Sources */ = {isa = PBXBuildFile; fileRef = 95D9EBB61DF6668A0066156F /* ShowAlert.swift */; };
		95DDDC951E12EE1A00106F24 /* AddFlatStoryBoard.storyboard in Resources */ = {isa = PBXBuildFile; fileRef = 95DDDC941E12EE1A00106F24 /* AddFlatStoryBoard.storyboard */; };
		95DDDC971E12EE3D00106F24 /* AddFlatViewController.swift in Sources */ = {isa = PBXBuildFile; fileRef = 95DDDC961E12EE3D00106F24 /* AddFlatViewController.swift */; };
		95DDDC991E12EE9400106F24 /* SearchParameter.swift in Sources */ = {isa = PBXBuildFile; fileRef = 95DDDC981E12EE9400106F24 /* SearchParameter.swift */; };
		95DDDC9B1E1315D100106F24 /* ChoosePhotoViewController.swift in Sources */ = {isa = PBXBuildFile; fileRef = 95DDDC9A1E1315D100106F24 /* ChoosePhotoViewController.swift */; };
		95DDDC9E1E13161400106F24 /* ChoosePhotoCollectionView.swift in Sources */ = {isa = PBXBuildFile; fileRef = 95DDDC9D1E13161400106F24 /* ChoosePhotoCollectionView.swift */; };
		95DDDCA01E13162100106F24 /* ChoosePhotoCollectionViewCell.swift in Sources */ = {isa = PBXBuildFile; fileRef = 95DDDC9F1E13162100106F24 /* ChoosePhotoCollectionViewCell.swift */; };
		95E9C1991E194C1C0089ED2A /* GoogleService-Info.plist in Resources */ = {isa = PBXBuildFile; fileRef = 95E9C1981E194C1C0089ED2A /* GoogleService-Info.plist */; };
		95ECDFBC1E1992D400B97265 /* Info.plist in Resources */ = {isa = PBXBuildFile; fileRef = 95ECDFBB1E1992D400B97265 /* Info.plist */; };
		95ECDFBE1E199F6E00B97265 /* WishListTableView.swift in Sources */ = {isa = PBXBuildFile; fileRef = 95ECDFBD1E199F6E00B97265 /* WishListTableView.swift */; };
		95FEEDB11E15782B004448F1 /* EditFlatStoryboard.storyboard in Resources */ = {isa = PBXBuildFile; fileRef = 95FEEDB01E15782B004448F1 /* EditFlatStoryboard.storyboard */; };
		95FEEDB31E158769004448F1 /* EditFlatViewController.swift in Sources */ = {isa = PBXBuildFile; fileRef = 95FEEDB21E158769004448F1 /* EditFlatViewController.swift */; };
		95FEEDB51E15879C004448F1 /* EditFlatOptionViewController.swift in Sources */ = {isa = PBXBuildFile; fileRef = 95FEEDB41E15879C004448F1 /* EditFlatOptionViewController.swift */; };
		95FEEDB71E158D39004448F1 /* EditPhotoCollectionView.swift in Sources */ = {isa = PBXBuildFile; fileRef = 95FEEDB61E158D39004448F1 /* EditPhotoCollectionView.swift */; };
		95FEEDB91E158D4A004448F1 /* EditPhotoCollectionViewCell.swift in Sources */ = {isa = PBXBuildFile; fileRef = 95FEEDB81E158D4A004448F1 /* EditPhotoCollectionViewCell.swift */; };
		95FEEDBB1E1594D6004448F1 /* EditPhotoViewController.swift in Sources */ = {isa = PBXBuildFile; fileRef = 95FEEDBA1E1594D6004448F1 /* EditPhotoViewController.swift */; };
		CAC80CFAC22E50234666C498 /* Pods_iFlat_iFlatTests.framework in Frameworks */ = {isa = PBXBuildFile; fileRef = 9609E4EE1E699D81BDDB632E /* Pods_iFlat_iFlatTests.framework */; };
		E740683D51927E87205255CE /* Pods_iFlat.framework in Frameworks */ = {isa = PBXBuildFile; fileRef = 75591C1553F467511111B928 /* Pods_iFlat.framework */; };
		FD884EC629F5F52179629B36 /* Pods_iFlat_iFlatUITests.framework in Frameworks */ = {isa = PBXBuildFile; fileRef = A4632289C74820928EC02E69 /* Pods_iFlat_iFlatUITests.framework */; };
/* End PBXBuildFile section */

/* Begin PBXContainerItemProxy section */
		1AC48B9A1DE6615100505913 /* PBXContainerItemProxy */ = {
			isa = PBXContainerItemProxy;
			containerPortal = 1AC48B7D1DE6615000505913 /* Project object */;
			proxyType = 1;
			remoteGlobalIDString = 1AC48B841DE6615100505913;
			remoteInfo = iFlat;
		};
		1AC48BA51DE6615100505913 /* PBXContainerItemProxy */ = {
			isa = PBXContainerItemProxy;
			containerPortal = 1AC48B7D1DE6615000505913 /* Project object */;
			proxyType = 1;
			remoteGlobalIDString = 1AC48B841DE6615100505913;
			remoteInfo = iFlat;
		};
/* End PBXContainerItemProxy section */

/* Begin PBXFileReference section */
		10BA7B8B0ACD6851D7E5E3D1 /* Pods-iFlat.release.xcconfig */ = {isa = PBXFileReference; includeInIndex = 1; lastKnownFileType = text.xcconfig; name = "Pods-iFlat.release.xcconfig"; path = "Pods/Target Support Files/Pods-iFlat/Pods-iFlat.release.xcconfig"; sourceTree = "<group>"; };
		1A14671A1E093C1900B691EF /* FilteredFlat.swift */ = {isa = PBXFileReference; fileEncoding = 4; lastKnownFileType = sourcecode.swift; path = FilteredFlat.swift; sourceTree = "<group>"; };
		1A19484E1E198C8E0009583C /* GoogleService-Info.plist */ = {isa = PBXFileReference; fileEncoding = 4; lastKnownFileType = text.plist.xml; path = "GoogleService-Info.plist"; sourceTree = "<group>"; };
		1A24DAE11E036A6E00C49269 /* Querymaster.swift */ = {isa = PBXFileReference; fileEncoding = 4; lastKnownFileType = sourcecode.swift; path = Querymaster.swift; sourceTree = "<group>"; };
		1A257C081DF1DA3100F08B61 /* iFlat.entitlements */ = {isa = PBXFileReference; lastKnownFileType = text.plist.entitlements; path = iFlat.entitlements; sourceTree = "<group>"; };
		1A3440961E16E106006D2F25 /* Reservation.swift */ = {isa = PBXFileReference; fileEncoding = 4; lastKnownFileType = sourcecode.swift; path = Reservation.swift; sourceTree = "<group>"; };
		1A4917BA1E05DC69009E39DF /* Rate.swift */ = {isa = PBXFileReference; fileEncoding = 4; lastKnownFileType = sourcecode.swift; path = Rate.swift; sourceTree = "<group>"; };
		1A4917BC1E05EBD6009E39DF /* Datebaby.swift */ = {isa = PBXFileReference; fileEncoding = 4; lastKnownFileType = sourcecode.swift; path = Datebaby.swift; sourceTree = "<group>"; };
		1A5303FE1E01E728001CFAEE /* FlatImage.swift */ = {isa = PBXFileReference; fileEncoding = 4; lastKnownFileType = sourcecode.swift; path = FlatImage.swift; sourceTree = "<group>"; };
		1A613D051DFF5A1A0073D4A3 /* Flat.swift */ = {isa = PBXFileReference; fileEncoding = 4; lastKnownFileType = sourcecode.swift; path = Flat.swift; sourceTree = "<group>"; };
		1A6A1F8E1E1526D800D644BD /* SpacesVC.swift */ = {isa = PBXFileReference; fileEncoding = 4; lastKnownFileType = sourcecode.swift; path = SpacesVC.swift; sourceTree = "<group>"; };
		1A6A1F911E15285600D644BD /* spacescell.swift */ = {isa = PBXFileReference; fileEncoding = 4; lastKnownFileType = sourcecode.swift; path = spacescell.swift; sourceTree = "<group>"; };
		1A6EF8301E18BA9100E7AA2E /* Wishcell.swift */ = {isa = PBXFileReference; fileEncoding = 4; lastKnownFileType = sourcecode.swift; path = Wishcell.swift; sourceTree = "<group>"; };
		1A6EF8321E18BB2E00E7AA2E /* WishVC.swift */ = {isa = PBXFileReference; fileEncoding = 4; lastKnownFileType = sourcecode.swift; path = WishVC.swift; sourceTree = "<group>"; };
		1A8A8ADA1DF2B31200AD2378 /* FIRREF.swift */ = {isa = PBXFileReference; fileEncoding = 4; lastKnownFileType = sourcecode.swift; path = FIRREF.swift; sourceTree = "<group>"; };
		1A90375D1E15A77700DFE510 /* Issue.swift */ = {isa = PBXFileReference; fileEncoding = 4; lastKnownFileType = sourcecode.swift; path = Issue.swift; sourceTree = "<group>"; };
		1A90375F1E15C31300DFE510 /* ReservationRequest.swift */ = {isa = PBXFileReference; fileEncoding = 4; lastKnownFileType = sourcecode.swift; path = ReservationRequest.swift; sourceTree = "<group>"; };
		1A9037621E15C7D200DFE510 /* Promotion.swift */ = {isa = PBXFileReference; fileEncoding = 4; lastKnownFileType = sourcecode.swift; path = Promotion.swift; sourceTree = "<group>"; };
		1AC48B851DE6615100505913 /* iFlat.app */ = {isa = PBXFileReference; explicitFileType = wrapper.application; includeInIndex = 0; path = iFlat.app; sourceTree = BUILT_PRODUCTS_DIR; };
		1AC48B881DE6615100505913 /* AppDelegate.swift */ = {isa = PBXFileReference; lastKnownFileType = sourcecode.swift; name = AppDelegate.swift; path = iFlat/AppDelegate.swift; sourceTree = "<group>"; };
		1AC48B8F1DE6615100505913 /* Assets.xcassets */ = {isa = PBXFileReference; lastKnownFileType = folder.assetcatalog; name = Assets.xcassets; path = iFlat/Assets.xcassets; sourceTree = "<group>"; };
		1AC48B921DE6615100505913 /* Base */ = {isa = PBXFileReference; lastKnownFileType = file.storyboard; name = Base; path = Base.lproj/LaunchScreen.storyboard; sourceTree = "<group>"; };
		1AC48B991DE6615100505913 /* iFlatTests.xctest */ = {isa = PBXFileReference; explicitFileType = wrapper.cfbundle; includeInIndex = 0; path = iFlatTests.xctest; sourceTree = BUILT_PRODUCTS_DIR; };
		1AC48B9D1DE6615100505913 /* UserModelTests.swift */ = {isa = PBXFileReference; lastKnownFileType = sourcecode.swift; path = UserModelTests.swift; sourceTree = "<group>"; };
		1AC48BA41DE6615100505913 /* iFlatUITests.xctest */ = {isa = PBXFileReference; explicitFileType = wrapper.cfbundle; includeInIndex = 0; path = iFlatUITests.xctest; sourceTree = BUILT_PRODUCTS_DIR; };
		1AC48BA81DE6615100505913 /* iFlatUITests.swift */ = {isa = PBXFileReference; lastKnownFileType = sourcecode.swift; path = iFlatUITests.swift; sourceTree = "<group>"; };
		1AC48BAA1DE6615100505913 /* Info.plist */ = {isa = PBXFileReference; lastKnownFileType = text.plist.xml; path = Info.plist; sourceTree = "<group>"; };
		1AC48BC21DE6625C00505913 /* ControlPanelVC.swift */ = {isa = PBXFileReference; fileEncoding = 4; lastKnownFileType = sourcecode.swift; path = ControlPanelVC.swift; sourceTree = "<group>"; };
		1ACDDC521E11775E00E34629 /* MainFlow.storyboard */ = {isa = PBXFileReference; fileEncoding = 4; lastKnownFileType = file.storyboard; path = MainFlow.storyboard; sourceTree = "<group>"; };
		1AD2C4041E06020B0030FF15 /* TableViewCell.swift */ = {isa = PBXFileReference; fileEncoding = 4; lastKnownFileType = sourcecode.swift; path = TableViewCell.swift; sourceTree = "<group>"; };
		1AD826531E13362B0021EF4F /* SettingsVC.swift */ = {isa = PBXFileReference; fileEncoding = 4; lastKnownFileType = sourcecode.swift; path = SettingsVC.swift; sourceTree = "<group>"; };
		1AD852451E07E67500A1F5B3 /* ManipulableFlat.swift */ = {isa = PBXFileReference; fileEncoding = 4; lastKnownFileType = sourcecode.swift; path = ManipulableFlat.swift; sourceTree = "<group>"; };
		1AD852471E07E67B00A1F5B3 /* FIRFlat.swift */ = {isa = PBXFileReference; fileEncoding = 4; lastKnownFileType = sourcecode.swift; path = FIRFlat.swift; sourceTree = "<group>"; };
		1ADCD0271DF1816600CC08F9 /* User.swift */ = {isa = PBXFileReference; fileEncoding = 4; lastKnownFileType = sourcecode.swift; path = User.swift; sourceTree = "<group>"; };
		1ADCD0291DF1817200CC08F9 /* FIRUSER.swift */ = {isa = PBXFileReference; fileEncoding = 4; lastKnownFileType = sourcecode.swift; path = FIRUSER.swift; sourceTree = "<group>"; };
		1ADCD02A1DF1817200CC08F9 /* ManipulableUser.swift */ = {isa = PBXFileReference; fileEncoding = 4; lastKnownFileType = sourcecode.swift; path = ManipulableUser.swift; sourceTree = "<group>"; };
		462D7F131DF587B80060807B /* FlatProfile.storyboard */ = {isa = PBXFileReference; fileEncoding = 4; lastKnownFileType = file.storyboard; path = FlatProfile.storyboard; sourceTree = "<group>"; };
		462D7F151DF588760060807B /* FlatProfileViewController.swift */ = {isa = PBXFileReference; fileEncoding = 4; lastKnownFileType = sourcecode.swift; path = FlatProfileViewController.swift; sourceTree = "<group>"; };
		462D7F1B1DF58F7D0060807B /* ListFlatViewController.swift */ = {isa = PBXFileReference; fileEncoding = 4; lastKnownFileType = sourcecode.swift; path = ListFlatViewController.swift; sourceTree = "<group>"; };
		462D7F1D1DF590F80060807B /* ListFlatCollectionViewCell.swift */ = {isa = PBXFileReference; fileEncoding = 4; lastKnownFileType = sourcecode.swift; path = ListFlatCollectionViewCell.swift; sourceTree = "<group>"; };
		46E8E9981DF09B1900C265E3 /* Authentication.storyboard */ = {isa = PBXFileReference; fileEncoding = 4; lastKnownFileType = file.storyboard; path = Authentication.storyboard; sourceTree = "<group>"; };
		46E8E9AF1DF0A0F100C265E3 /* RegisterViewController.swift */ = {isa = PBXFileReference; fileEncoding = 4; lastKnownFileType = sourcecode.swift; path = RegisterViewController.swift; sourceTree = "<group>"; };
		46E8E9B11DF0A0FB00C265E3 /* LoginViewController.swift */ = {isa = PBXFileReference; fileEncoding = 4; lastKnownFileType = sourcecode.swift; path = LoginViewController.swift; sourceTree = "<group>"; };
		595C412138A26C34D75ABA99 /* Pods-iFlat-iFlatUITests.debug.xcconfig */ = {isa = PBXFileReference; includeInIndex = 1; lastKnownFileType = text.xcconfig; name = "Pods-iFlat-iFlatUITests.debug.xcconfig"; path = "Pods/Target Support Files/Pods-iFlat-iFlatUITests/Pods-iFlat-iFlatUITests.debug.xcconfig"; sourceTree = "<group>"; };
		754FD5635DE2FCAEA85E3DC4 /* Pods-iFlat-iFlatUITests.release.xcconfig */ = {isa = PBXFileReference; includeInIndex = 1; lastKnownFileType = text.xcconfig; name = "Pods-iFlat-iFlatUITests.release.xcconfig"; path = "Pods/Target Support Files/Pods-iFlat-iFlatUITests/Pods-iFlat-iFlatUITests.release.xcconfig"; sourceTree = "<group>"; };
		75591C1553F467511111B928 /* Pods_iFlat.framework */ = {isa = PBXFileReference; explicitFileType = wrapper.framework; includeInIndex = 0; path = Pods_iFlat.framework; sourceTree = BUILT_PRODUCTS_DIR; };
		7771EB5A3B04A913699C8FAE /* Pods-iFlat-iFlatTests.debug.xcconfig */ = {isa = PBXFileReference; includeInIndex = 1; lastKnownFileType = text.xcconfig; name = "Pods-iFlat-iFlatTests.debug.xcconfig"; path = "Pods/Target Support Files/Pods-iFlat-iFlatTests/Pods-iFlat-iFlatTests.debug.xcconfig"; sourceTree = "<group>"; };
		803DE57C1E0F410300CCB17E /* FlatImagesCell.swift */ = {isa = PBXFileReference; fileEncoding = 4; lastKnownFileType = sourcecode.swift; path = FlatImagesCell.swift; sourceTree = "<group>"; };
		803DE5D81E11AE6000CCB17E /* CellView.xib */ = {isa = PBXFileReference; fileEncoding = 4; lastKnownFileType = file.xib; path = CellView.xib; sourceTree = "<group>"; };
		803DE5DD1E11AF2900CCB17E /* CellView.swift */ = {isa = PBXFileReference; fileEncoding = 4; lastKnownFileType = sourcecode.swift; path = CellView.swift; sourceTree = "<group>"; };
		803DE5DF1E11B00200CCB17E /* ReservationViewController.swift */ = {isa = PBXFileReference; fileEncoding = 4; lastKnownFileType = sourcecode.swift; path = ReservationViewController.swift; sourceTree = "<group>"; };
		803DE5E11E11B9AB00CCB17E /* Reservation.storyboard */ = {isa = PBXFileReference; fileEncoding = 4; lastKnownFileType = file.storyboard; path = Reservation.storyboard; sourceTree = "<group>"; };
		80E17F431DFAB5520020C695 /* FiltersViewController.swift */ = {isa = PBXFileReference; fileEncoding = 4; lastKnownFileType = sourcecode.swift; path = FiltersViewController.swift; sourceTree = "<group>"; };
		80E17F471DFABE4C0020C695 /* ListFlat.storyboard */ = {isa = PBXFileReference; fileEncoding = 4; lastKnownFileType = file.storyboard; path = ListFlat.storyboard; sourceTree = "<group>"; };
		80E17F4D1DFAC9550020C695 /* NumberPlusPicker.swift */ = {isa = PBXFileReference; fileEncoding = 4; lastKnownFileType = sourcecode.swift; path = NumberPlusPicker.swift; sourceTree = "<group>"; };
		8CD3F5AE4D0D6CB95643B835 /* Pods-iFlat.debug.xcconfig */ = {isa = PBXFileReference; includeInIndex = 1; lastKnownFileType = text.xcconfig; name = "Pods-iFlat.debug.xcconfig"; path = "Pods/Target Support Files/Pods-iFlat/Pods-iFlat.debug.xcconfig"; sourceTree = "<group>"; };
		951A92971DF4E21800199B83 /* EntranceStoryBoard.storyboard */ = {isa = PBXFileReference; fileEncoding = 4; lastKnownFileType = file.storyboard; path = EntranceStoryBoard.storyboard; sourceTree = "<group>"; };
		951A929B1DF4E23100199B83 /* EntranceViewController.swift */ = {isa = PBXFileReference; fileEncoding = 4; lastKnownFileType = sourcecode.swift; path = EntranceViewController.swift; sourceTree = "<group>"; };
		9535FE2B1E07F6EB00297E90 /* FlatExtension.swift */ = {isa = PBXFileReference; fileEncoding = 4; lastKnownFileType = sourcecode.swift; path = FlatExtension.swift; sourceTree = "<group>"; };
		953CCFB71E0EDDAE002FC590 /* ConvertUrlToImage.swift */ = {isa = PBXFileReference; fileEncoding = 4; lastKnownFileType = sourcecode.swift; path = ConvertUrlToImage.swift; sourceTree = "<group>"; };
		953CCFB91E0EFE90002FC590 /* UserExtension.swift */ = {isa = PBXFileReference; fileEncoding = 4; lastKnownFileType = sourcecode.swift; path = UserExtension.swift; sourceTree = "<group>"; };
		955F425A1E11300900A5BA5A /* EditProfileStoryBoard.storyboard */ = {isa = PBXFileReference; fileEncoding = 4; lastKnownFileType = file.storyboard; path = EditProfileStoryBoard.storyboard; sourceTree = "<group>"; };
		957A65651DF5D8A500844766 /* RenterEditOwnProfieController.swift */ = {isa = PBXFileReference; fileEncoding = 4; lastKnownFileType = sourcecode.swift; path = RenterEditOwnProfieController.swift; sourceTree = "<group>"; };
		958FB14B1E1714FA00744E59 /* OpenIssueStoryBoard.storyboard */ = {isa = PBXFileReference; fileEncoding = 4; lastKnownFileType = file.storyboard; path = OpenIssueStoryBoard.storyboard; sourceTree = "<group>"; };
		958FB14F1E1716BB00744E59 /* OpenIssueViewController.swift */ = {isa = PBXFileReference; fileEncoding = 4; lastKnownFileType = sourcecode.swift; path = OpenIssueViewController.swift; sourceTree = "<group>"; };
		958FB1511E171CDE00744E59 /* ShowUserProfileStoryboard.storyboard */ = {isa = PBXFileReference; fileEncoding = 4; lastKnownFileType = file.storyboard; path = ShowUserProfileStoryboard.storyboard; sourceTree = "<group>"; };
		958FB1531E17239900744E59 /* ShowUserProfileViewController.swift */ = {isa = PBXFileReference; fileEncoding = 4; lastKnownFileType = sourcecode.swift; path = ShowUserProfileViewController.swift; sourceTree = "<group>"; };
		95AC4F141DFAD82700A7F106 /* FilterModel.swift */ = {isa = PBXFileReference; fileEncoding = 4; lastKnownFileType = sourcecode.swift; path = FilterModel.swift; sourceTree = "<group>"; };
		95D9EBB21DF65E690066156F /* ConvertString.swift */ = {isa = PBXFileReference; fileEncoding = 4; lastKnownFileType = sourcecode.swift; path = ConvertString.swift; sourceTree = "<group>"; };
		95D9EBB61DF6668A0066156F /* ShowAlert.swift */ = {isa = PBXFileReference; fileEncoding = 4; lastKnownFileType = sourcecode.swift; path = ShowAlert.swift; sourceTree = "<group>"; };
		95DDDC941E12EE1A00106F24 /* AddFlatStoryBoard.storyboard */ = {isa = PBXFileReference; fileEncoding = 4; lastKnownFileType = file.storyboard; path = AddFlatStoryBoard.storyboard; sourceTree = "<group>"; };
		95DDDC961E12EE3D00106F24 /* AddFlatViewController.swift */ = {isa = PBXFileReference; fileEncoding = 4; lastKnownFileType = sourcecode.swift; path = AddFlatViewController.swift; sourceTree = "<group>"; };
		95DDDC981E12EE9400106F24 /* SearchParameter.swift */ = {isa = PBXFileReference; fileEncoding = 4; lastKnownFileType = sourcecode.swift; path = SearchParameter.swift; sourceTree = "<group>"; };
		95DDDC9A1E1315D100106F24 /* ChoosePhotoViewController.swift */ = {isa = PBXFileReference; fileEncoding = 4; lastKnownFileType = sourcecode.swift; path = ChoosePhotoViewController.swift; sourceTree = "<group>"; };
		95DDDC9D1E13161400106F24 /* ChoosePhotoCollectionView.swift */ = {isa = PBXFileReference; fileEncoding = 4; lastKnownFileType = sourcecode.swift; path = ChoosePhotoCollectionView.swift; sourceTree = "<group>"; };
		95DDDC9F1E13162100106F24 /* ChoosePhotoCollectionViewCell.swift */ = {isa = PBXFileReference; fileEncoding = 4; lastKnownFileType = sourcecode.swift; path = ChoosePhotoCollectionViewCell.swift; sourceTree = "<group>"; };
		95E9C1981E194C1C0089ED2A /* GoogleService-Info.plist */ = {isa = PBXFileReference; fileEncoding = 4; lastKnownFileType = text.plist.xml; path = "GoogleService-Info.plist"; sourceTree = "<group>"; };
		95ECDFBB1E1992D400B97265 /* Info.plist */ = {isa = PBXFileReference; fileEncoding = 4; lastKnownFileType = text.plist.xml; path = Info.plist; sourceTree = "<group>"; };
		95ECDFBD1E199F6E00B97265 /* WishListTableView.swift */ = {isa = PBXFileReference; fileEncoding = 4; lastKnownFileType = sourcecode.swift; path = WishListTableView.swift; sourceTree = "<group>"; };
		95FEEDB01E15782B004448F1 /* EditFlatStoryboard.storyboard */ = {isa = PBXFileReference; fileEncoding = 4; lastKnownFileType = file.storyboard; path = EditFlatStoryboard.storyboard; sourceTree = "<group>"; };
		95FEEDB21E158769004448F1 /* EditFlatViewController.swift */ = {isa = PBXFileReference; fileEncoding = 4; lastKnownFileType = sourcecode.swift; path = EditFlatViewController.swift; sourceTree = "<group>"; };
		95FEEDB41E15879C004448F1 /* EditFlatOptionViewController.swift */ = {isa = PBXFileReference; fileEncoding = 4; lastKnownFileType = sourcecode.swift; path = EditFlatOptionViewController.swift; sourceTree = "<group>"; };
		95FEEDB61E158D39004448F1 /* EditPhotoCollectionView.swift */ = {isa = PBXFileReference; fileEncoding = 4; lastKnownFileType = sourcecode.swift; path = EditPhotoCollectionView.swift; sourceTree = "<group>"; };
		95FEEDB81E158D4A004448F1 /* EditPhotoCollectionViewCell.swift */ = {isa = PBXFileReference; fileEncoding = 4; lastKnownFileType = sourcecode.swift; path = EditPhotoCollectionViewCell.swift; sourceTree = "<group>"; };
		95FEEDBA1E1594D6004448F1 /* EditPhotoViewController.swift */ = {isa = PBXFileReference; fileEncoding = 4; lastKnownFileType = sourcecode.swift; path = EditPhotoViewController.swift; sourceTree = "<group>"; };
		9609E4EE1E699D81BDDB632E /* Pods_iFlat_iFlatTests.framework */ = {isa = PBXFileReference; explicitFileType = wrapper.framework; includeInIndex = 0; path = Pods_iFlat_iFlatTests.framework; sourceTree = BUILT_PRODUCTS_DIR; };
		A260F6D625F1875657F4E425 /* Pods-iFlat-iFlatTests.release.xcconfig */ = {isa = PBXFileReference; includeInIndex = 1; lastKnownFileType = text.xcconfig; name = "Pods-iFlat-iFlatTests.release.xcconfig"; path = "Pods/Target Support Files/Pods-iFlat-iFlatTests/Pods-iFlat-iFlatTests.release.xcconfig"; sourceTree = "<group>"; };
		A4632289C74820928EC02E69 /* Pods_iFlat_iFlatUITests.framework */ = {isa = PBXFileReference; explicitFileType = wrapper.framework; includeInIndex = 0; path = Pods_iFlat_iFlatUITests.framework; sourceTree = BUILT_PRODUCTS_DIR; };
/* End PBXFileReference section */

/* Begin PBXFrameworksBuildPhase section */
		1AC48B821DE6615100505913 /* Frameworks */ = {
			isa = PBXFrameworksBuildPhase;
			buildActionMask = 2147483647;
			files = (
				E740683D51927E87205255CE /* Pods_iFlat.framework in Frameworks */,
			);
			runOnlyForDeploymentPostprocessing = 0;
		};
		1AC48B961DE6615100505913 /* Frameworks */ = {
			isa = PBXFrameworksBuildPhase;
			buildActionMask = 2147483647;
			files = (
				CAC80CFAC22E50234666C498 /* Pods_iFlat_iFlatTests.framework in Frameworks */,
			);
			runOnlyForDeploymentPostprocessing = 0;
		};
		1AC48BA11DE6615100505913 /* Frameworks */ = {
			isa = PBXFrameworksBuildPhase;
			buildActionMask = 2147483647;
			files = (
				FD884EC629F5F52179629B36 /* Pods_iFlat_iFlatUITests.framework in Frameworks */,
			);
			runOnlyForDeploymentPostprocessing = 0;
		};
/* End PBXFrameworksBuildPhase section */

/* Begin PBXGroup section */
		1A24DADE1E03698900C49269 /* QueryMaster */ = {
			isa = PBXGroup;
			children = (
				1A24DAE11E036A6E00C49269 /* Querymaster.swift */,
			);
			name = QueryMaster;
			sourceTree = "<group>";
		};
		1A6A1F901E15283900D644BD /* cells */ = {
			isa = PBXGroup;
			children = (
				1A6A1F911E15285600D644BD /* spacescell.swift */,
				1A6EF8301E18BA9100E7AA2E /* Wishcell.swift */,
				95ECDFBD1E199F6E00B97265 /* WishListTableView.swift */,
			);
			name = cells;
			sourceTree = "<group>";
		};
		1A8083601DF18368009655AD /* ModelTests */ = {
			isa = PBXGroup;
			children = (
				1AC48B9D1DE6615100505913 /* UserModelTests.swift */,
			);
			name = ModelTests;
			path = iFlatTests;
			sourceTree = "<group>";
		};
		1A8083611DF1838D009655AD /* UTILITY */ = {
			isa = PBXGroup;
			children = (
				95E9C1981E194C1C0089ED2A /* GoogleService-Info.plist */,
				1AC48B861DE6615100505913 /* Products */,
			);
			name = UTILITY;
			sourceTree = "<group>";
		};
		1AB50DC51DF31E9900DC7CCF /* User */ = {
			isa = PBXGroup;
			children = (
				1ADCD0291DF1817200CC08F9 /* FIRUSER.swift */,
				1ADCD02A1DF1817200CC08F9 /* ManipulableUser.swift */,
			);
			name = User;
			sourceTree = "<group>";
		};
		1AC48B7C1DE6615000505913 = {
			isa = PBXGroup;
			children = (
				1AC48BB61DE6616300505913 /* Static */,
				1AC48B871DE6615100505913 /* iFlat */,
				2FF2CA77E51E6AC4B9AA5175 /* Pods */,
				34162F2DA1A1B9DA6D1C9728 /* Frameworks */,
			);
			sourceTree = "<group>";
		};
		1AC48B861DE6615100505913 /* Products */ = {
			isa = PBXGroup;
			children = (
				1AC48B851DE6615100505913 /* iFlat.app */,
				1AC48B991DE6615100505913 /* iFlatTests.xctest */,
				1AC48BA41DE6615100505913 /* iFlatUITests.xctest */,
			);
			name = Products;
			sourceTree = "<group>";
		};
		1AC48B871DE6615100505913 /* iFlat */ = {
			isa = PBXGroup;
			children = (
				1A257C081DF1DA3100F08B61 /* iFlat.entitlements */,
				1AC48BBC1DE661E000505913 /* TEST_LAYER */,
				1ADCD0261DF1813B00CC08F9 /* FIREBASE_LAYER */,
				1AC48BBB1DE661B300505913 /* MODEL_LAYER */,
				1ADCD0251DF1812500CC08F9 /* TEAM_MVC_LAYER */,
			);
			path = iFlat;
			sourceTree = "<group>";
		};
		1AC48BA71DE6615100505913 /* UITests */ = {
			isa = PBXGroup;
			children = (
				1AC48BA81DE6615100505913 /* iFlatUITests.swift */,
				1AC48BAA1DE6615100505913 /* Info.plist */,
			);
			name = UITests;
			path = iFlatUITests;
			sourceTree = "<group>";
		};
		1AC48BB61DE6616300505913 /* Static */ = {
			isa = PBXGroup;
			children = (
				95ECDFBB1E1992D400B97265 /* Info.plist */,
				1A19484E1E198C8E0009583C /* GoogleService-Info.plist */,
				1A8083611DF1838D009655AD /* UTILITY */,
				1AC48B881DE6615100505913 /* AppDelegate.swift */,
				1AC48B8F1DE6615100505913 /* Assets.xcassets */,
				1AC48B911DE6615100505913 /* LaunchScreen.storyboard */,
			);
			name = Static;
			sourceTree = "<group>";
		};
		1AC48BB71DE6619500505913 /* AlicanMVC */ = {
			isa = PBXGroup;
			children = (
				1AC48BC11DE6623500505913 /* Controller */,
				1AC48BC01DE6623100505913 /* View */,
				1AC48BBF1DE6622C00505913 /* Model */,
			);
			name = AlicanMVC;
			sourceTree = "<group>";
		};
		1AC48BB81DE661A000505913 /* TolgaMVC */ = {
			isa = PBXGroup;
			children = (
				955F425C1E11305D00A5BA5A /* StoryBoards */,
				9535FE211E07CAE600297E90 /* Model */,
				95DDDC9C1E1315D600106F24 /* CollectionView */,
				957A656B1DF5D94C00844766 /* Controller */,
				95D9EBB11DF65E500066156F /* Protocols&Extension */,
			);
			name = TolgaMVC;
			sourceTree = "<group>";
		};
		1AC48BB91DE661A700505913 /* ErenMVC */ = {
			isa = PBXGroup;
			children = (
				803DE57E1E11720800CCB17E /* Reservation */,
				462D7F0C1DF5875B0060807B /* FlatProfile */,
				462D7F0B1DF587530060807B /* ListFlat */,
			);
			name = ErenMVC;
			sourceTree = "<group>";
		};
		1AC48BBA1DE661AD00505913 /* MevaMVC */ = {
			isa = PBXGroup;
			children = (
				46A4EBD61E09D91900DE3B5D /* Model */,
				46E8E9AE1DF0A0AF00C265E3 /* Controller */,
				46E8E9981DF09B1900C265E3 /* Authentication.storyboard */,
			);
			name = MevaMVC;
			sourceTree = "<group>";
		};
		1AC48BBB1DE661B300505913 /* MODEL_LAYER */ = {
			isa = PBXGroup;
			children = (
				1A8A8ADA1DF2B31200AD2378 /* FIRREF.swift */,
				95DDDC981E12EE9400106F24 /* SearchParameter.swift */,
				1A5303FE1E01E728001CFAEE /* FlatImage.swift */,
				95AC4F141DFAD82700A7F106 /* FilterModel.swift */,
				1ADCD0271DF1816600CC08F9 /* User.swift */,
				1A613D051DFF5A1A0073D4A3 /* Flat.swift */,
				1A4917BA1E05DC69009E39DF /* Rate.swift */,
				1A4917BC1E05EBD6009E39DF /* Datebaby.swift */,
				1A14671A1E093C1900B691EF /* FilteredFlat.swift */,
				1A90375D1E15A77700DFE510 /* Issue.swift */,
				1A90375F1E15C31300DFE510 /* ReservationRequest.swift */,
				1A9037621E15C7D200DFE510 /* Promotion.swift */,
				1A3440961E16E106006D2F25 /* Reservation.swift */,
			);
			name = MODEL_LAYER;
			sourceTree = "<group>";
		};
		1AC48BBC1DE661E000505913 /* TEST_LAYER */ = {
			isa = PBXGroup;
			children = (
				1A8083601DF18368009655AD /* ModelTests */,
				1AC48BA71DE6615100505913 /* UITests */,
			);
			name = TEST_LAYER;
			path = ..;
			sourceTree = "<group>";
		};
		1AC48BBF1DE6622C00505913 /* Model */ = {
			isa = PBXGroup;
			children = (
			);
			name = Model;
			sourceTree = "<group>";
		};
		1AC48BC01DE6623100505913 /* View */ = {
			isa = PBXGroup;
			children = (
				1ACDDC521E11775E00E34629 /* MainFlow.storyboard */,
			);
			name = View;
			sourceTree = "<group>";
		};
		1AC48BC11DE6623500505913 /* Controller */ = {
			isa = PBXGroup;
			children = (
				1A6A1F901E15283900D644BD /* cells */,
				1AC48BC21DE6625C00505913 /* ControlPanelVC.swift */,
				1AD2C4041E06020B0030FF15 /* TableViewCell.swift */,
				1AD826531E13362B0021EF4F /* SettingsVC.swift */,
				1A6A1F8E1E1526D800D644BD /* SpacesVC.swift */,
				1A6EF8321E18BB2E00E7AA2E /* WishVC.swift */,
			);
			name = Controller;
			sourceTree = "<group>";
		};
		1AD852441E07E66F00A1F5B3 /* Flat */ = {
			isa = PBXGroup;
			children = (
				1AD852451E07E67500A1F5B3 /* ManipulableFlat.swift */,
				1AD852471E07E67B00A1F5B3 /* FIRFlat.swift */,
			);
			name = Flat;
			sourceTree = "<group>";
		};
		1ADCD0251DF1812500CC08F9 /* TEAM_MVC_LAYER */ = {
			isa = PBXGroup;
			children = (
				1AC48BBA1DE661AD00505913 /* MevaMVC */,
				1AC48BB91DE661A700505913 /* ErenMVC */,
				1AC48BB81DE661A000505913 /* TolgaMVC */,
				1AC48BB71DE6619500505913 /* AlicanMVC */,
			);
			name = TEAM_MVC_LAYER;
			sourceTree = "<group>";
		};
		1ADCD0261DF1813B00CC08F9 /* FIREBASE_LAYER */ = {
			isa = PBXGroup;
			children = (
				1AD852441E07E66F00A1F5B3 /* Flat */,
				1A24DADE1E03698900C49269 /* QueryMaster */,
				1AB50DC51DF31E9900DC7CCF /* User */,
			);
			name = FIREBASE_LAYER;
			sourceTree = "<group>";
		};
		2FF2CA77E51E6AC4B9AA5175 /* Pods */ = {
			isa = PBXGroup;
			children = (
				8CD3F5AE4D0D6CB95643B835 /* Pods-iFlat.debug.xcconfig */,
				10BA7B8B0ACD6851D7E5E3D1 /* Pods-iFlat.release.xcconfig */,
				7771EB5A3B04A913699C8FAE /* Pods-iFlat-iFlatTests.debug.xcconfig */,
				A260F6D625F1875657F4E425 /* Pods-iFlat-iFlatTests.release.xcconfig */,
				595C412138A26C34D75ABA99 /* Pods-iFlat-iFlatUITests.debug.xcconfig */,
				754FD5635DE2FCAEA85E3DC4 /* Pods-iFlat-iFlatUITests.release.xcconfig */,
			);
			name = Pods;
			sourceTree = "<group>";
		};
		34162F2DA1A1B9DA6D1C9728 /* Frameworks */ = {
			isa = PBXGroup;
			children = (
				75591C1553F467511111B928 /* Pods_iFlat.framework */,
				9609E4EE1E699D81BDDB632E /* Pods_iFlat_iFlatTests.framework */,
				A4632289C74820928EC02E69 /* Pods_iFlat_iFlatUITests.framework */,
			);
			name = Frameworks;
			sourceTree = "<group>";
		};
		462D7F0B1DF587530060807B /* ListFlat */ = {
			isa = PBXGroup;
			children = (
				462D7F121DF587970060807B /* Model */,
				462D7F111DF587920060807B /* View */,
				462D7F101DF5878C0060807B /* Controller */,
			);
			name = ListFlat;
			sourceTree = "<group>";
		};
		462D7F0C1DF5875B0060807B /* FlatProfile */ = {
			isa = PBXGroup;
			children = (
				462D7F0D1DF587670060807B /* Model */,
				462D7F0E1DF5876D0060807B /* View */,
				462D7F0F1DF5877C0060807B /* Controller */,
			);
			name = FlatProfile;
			sourceTree = "<group>";
		};
		462D7F0D1DF587670060807B /* Model */ = {
			isa = PBXGroup;
			children = (
			);
			name = Model;
			sourceTree = "<group>";
		};
		462D7F0E1DF5876D0060807B /* View */ = {
			isa = PBXGroup;
			children = (
				462D7F131DF587B80060807B /* FlatProfile.storyboard */,
			);
			name = View;
			sourceTree = "<group>";
		};
		462D7F0F1DF5877C0060807B /* Controller */ = {
			isa = PBXGroup;
			children = (
				462D7F151DF588760060807B /* FlatProfileViewController.swift */,
				803DE57C1E0F410300CCB17E /* FlatImagesCell.swift */,
			);
			name = Controller;
			sourceTree = "<group>";
		};
		462D7F101DF5878C0060807B /* Controller */ = {
			isa = PBXGroup;
			children = (
				462D7F1B1DF58F7D0060807B /* ListFlatViewController.swift */,
				80E17F431DFAB5520020C695 /* FiltersViewController.swift */,
			);
			name = Controller;
			sourceTree = "<group>";
		};
		462D7F111DF587920060807B /* View */ = {
			isa = PBXGroup;
			children = (
				80E17F471DFABE4C0020C695 /* ListFlat.storyboard */,
			);
			name = View;
			sourceTree = "<group>";
		};
		462D7F121DF587970060807B /* Model */ = {
			isa = PBXGroup;
			children = (
				462D7F1D1DF590F80060807B /* ListFlatCollectionViewCell.swift */,
				80E17F4D1DFAC9550020C695 /* NumberPlusPicker.swift */,
			);
			name = Model;
			sourceTree = "<group>";
		};
		46A4EBD61E09D91900DE3B5D /* Model */ = {
			isa = PBXGroup;
			children = (
			);
			name = Model;
			sourceTree = "<group>";
		};
		46E8E9AE1DF0A0AF00C265E3 /* Controller */ = {
			isa = PBXGroup;
			children = (
				46E8E9AF1DF0A0F100C265E3 /* RegisterViewController.swift */,
				46E8E9B11DF0A0FB00C265E3 /* LoginViewController.swift */,
			);
			name = Controller;
			sourceTree = "<group>";
		};
		803DE57E1E11720800CCB17E /* Reservation */ = {
			isa = PBXGroup;
			children = (
				803DE5811E11725800CCB17E /* Model */,
				803DE5801E11724900CCB17E /* View */,
				803DE57F1E11721700CCB17E /* Controller */,
			);
			name = Reservation;
			sourceTree = "<group>";
		};
		803DE57F1E11721700CCB17E /* Controller */ = {
			isa = PBXGroup;
			children = (
				803DE5DF1E11B00200CCB17E /* ReservationViewController.swift */,
			);
			name = Controller;
			sourceTree = "<group>";
		};
		803DE5801E11724900CCB17E /* View */ = {
			isa = PBXGroup;
			children = (
				803DE5E11E11B9AB00CCB17E /* Reservation.storyboard */,
				803DE5D81E11AE6000CCB17E /* CellView.xib */,
			);
			name = View;
			sourceTree = "<group>";
		};
		803DE5811E11725800CCB17E /* Model */ = {
			isa = PBXGroup;
			children = (
				803DE5DD1E11AF2900CCB17E /* CellView.swift */,
			);
			name = Model;
			sourceTree = "<group>";
		};
		9535FE211E07CAE600297E90 /* Model */ = {
			isa = PBXGroup;
			children = (
				9535FE2B1E07F6EB00297E90 /* FlatExtension.swift */,
				953CCFB91E0EFE90002FC590 /* UserExtension.swift */,
			);
			name = Model;
			sourceTree = "<group>";
		};
		955F425C1E11305D00A5BA5A /* StoryBoards */ = {
			isa = PBXGroup;
			children = (
				95DDDC941E12EE1A00106F24 /* AddFlatStoryBoard.storyboard */,
				951A92971DF4E21800199B83 /* EntranceStoryBoard.storyboard */,
				955F425A1E11300900A5BA5A /* EditProfileStoryBoard.storyboard */,
				95FEEDB01E15782B004448F1 /* EditFlatStoryboard.storyboard */,
				958FB14B1E1714FA00744E59 /* OpenIssueStoryBoard.storyboard */,
				958FB1511E171CDE00744E59 /* ShowUserProfileStoryboard.storyboard */,
			);
			name = StoryBoards;
			sourceTree = "<group>";
		};
		957A656B1DF5D94C00844766 /* Controller */ = {
			isa = PBXGroup;
			children = (
				958FB14F1E1716BB00744E59 /* OpenIssueViewController.swift */,
				951A929B1DF4E23100199B83 /* EntranceViewController.swift */,
				95FEEDBD1E1595E8004448F1 /* Edit Flat */,
				95FEEDBC1E1595DE004448F1 /* Add Flat */,
				958FB14E1E17165500744E59 /* EditUser */,
				958FB1531E17239900744E59 /* ShowUserProfileViewController.swift */,
			);
			name = Controller;
			sourceTree = "<group>";
		};
		958FB14E1E17165500744E59 /* EditUser */ = {
			isa = PBXGroup;
			children = (
				957A65651DF5D8A500844766 /* RenterEditOwnProfieController.swift */,
			);
			name = EditUser;
			sourceTree = "<group>";
		};
		95D9EBB11DF65E500066156F /* Protocols&Extension */ = {
			isa = PBXGroup;
			children = (
				95D9EBB21DF65E690066156F /* ConvertString.swift */,
				95D9EBB61DF6668A0066156F /* ShowAlert.swift */,
				953CCFB71E0EDDAE002FC590 /* ConvertUrlToImage.swift */,
			);
			name = "Protocols&Extension";
			sourceTree = "<group>";
		};
		95DDDC9C1E1315D600106F24 /* CollectionView */ = {
			isa = PBXGroup;
			children = (
				95DDDC9D1E13161400106F24 /* ChoosePhotoCollectionView.swift */,
				95DDDC9F1E13162100106F24 /* ChoosePhotoCollectionViewCell.swift */,
				95FEEDB61E158D39004448F1 /* EditPhotoCollectionView.swift */,
				95FEEDB81E158D4A004448F1 /* EditPhotoCollectionViewCell.swift */,
			);
			name = CollectionView;
			sourceTree = "<group>";
		};
		95FEEDBC1E1595DE004448F1 /* Add Flat */ = {
			isa = PBXGroup;
			children = (
				95DDDC9A1E1315D100106F24 /* ChoosePhotoViewController.swift */,
				95DDDC961E12EE3D00106F24 /* AddFlatViewController.swift */,
			);
			name = "Add Flat";
			sourceTree = "<group>";
		};
		95FEEDBD1E1595E8004448F1 /* Edit Flat */ = {
			isa = PBXGroup;
			children = (
				95FEEDB21E158769004448F1 /* EditFlatViewController.swift */,
				95FEEDB41E15879C004448F1 /* EditFlatOptionViewController.swift */,
				95FEEDBA1E1594D6004448F1 /* EditPhotoViewController.swift */,
			);
			name = "Edit Flat";
			sourceTree = "<group>";
		};
/* End PBXGroup section */

/* Begin PBXNativeTarget section */
		1AC48B841DE6615100505913 /* iFlat */ = {
			isa = PBXNativeTarget;
			buildConfigurationList = 1AC48BAD1DE6615100505913 /* Build configuration list for PBXNativeTarget "iFlat" */;
			buildPhases = (
				42374DA51C91BE91599FDF59 /* [CP] Check Pods Manifest.lock */,
				1AC48B811DE6615100505913 /* Sources */,
				1AC48B821DE6615100505913 /* Frameworks */,
				1AC48B831DE6615100505913 /* Resources */,
				ADB6879741D17027776FDAD4 /* [CP] Embed Pods Frameworks */,
				C837F2EDBD9B66455B5D3F67 /* [CP] Copy Pods Resources */,
			);
			buildRules = (
			);
			dependencies = (
			);
			name = iFlat;
			productName = iFlat;
			productReference = 1AC48B851DE6615100505913 /* iFlat.app */;
			productType = "com.apple.product-type.application";
		};
		1AC48B981DE6615100505913 /* iFlatTests */ = {
			isa = PBXNativeTarget;
			buildConfigurationList = 1AC48BB01DE6615100505913 /* Build configuration list for PBXNativeTarget "iFlatTests" */;
			buildPhases = (
				FD5358864F913D23866E2026 /* [CP] Check Pods Manifest.lock */,
				1AC48B951DE6615100505913 /* Sources */,
				1AC48B961DE6615100505913 /* Frameworks */,
				1AC48B971DE6615100505913 /* Resources */,
				4A1EA164397FBD2E95F70C73 /* [CP] Embed Pods Frameworks */,
				0D527ABBC07329A3584846F1 /* [CP] Copy Pods Resources */,
			);
			buildRules = (
			);
			dependencies = (
				1AC48B9B1DE6615100505913 /* PBXTargetDependency */,
			);
			name = iFlatTests;
			productName = iFlatTests;
			productReference = 1AC48B991DE6615100505913 /* iFlatTests.xctest */;
			productType = "com.apple.product-type.bundle.unit-test";
		};
		1AC48BA31DE6615100505913 /* iFlatUITests */ = {
			isa = PBXNativeTarget;
			buildConfigurationList = 1AC48BB31DE6615100505913 /* Build configuration list for PBXNativeTarget "iFlatUITests" */;
			buildPhases = (
				9EFF6238F662FBEAB0BED4B0 /* [CP] Check Pods Manifest.lock */,
				1AC48BA01DE6615100505913 /* Sources */,
				1AC48BA11DE6615100505913 /* Frameworks */,
				1AC48BA21DE6615100505913 /* Resources */,
				0B54DC80F57CE195E7DE8BD7 /* [CP] Embed Pods Frameworks */,
				879DD9E8CEDF50407196D05F /* [CP] Copy Pods Resources */,
			);
			buildRules = (
			);
			dependencies = (
				1AC48BA61DE6615100505913 /* PBXTargetDependency */,
			);
			name = iFlatUITests;
			productName = iFlatUITests;
			productReference = 1AC48BA41DE6615100505913 /* iFlatUITests.xctest */;
			productType = "com.apple.product-type.bundle.ui-testing";
		};
/* End PBXNativeTarget section */

/* Begin PBXProject section */
		1AC48B7D1DE6615000505913 /* Project object */ = {
			isa = PBXProject;
			attributes = {
				LastSwiftUpdateCheck = 0810;
				LastUpgradeCheck = 0810;
				ORGANIZATIONNAME = "SE 301";
				TargetAttributes = {
					1AC48B841DE6615100505913 = {
						CreatedOnToolsVersion = 8.1;
						DevelopmentTeam = 4AZ5F7WC68;
						ProvisioningStyle = Automatic;
						SystemCapabilities = {
							com.apple.Keychain = {
								enabled = 1;
							};
						};
					};
					1AC48B981DE6615100505913 = {
						CreatedOnToolsVersion = 8.1;
						DevelopmentTeam = 97TQ8HBR2G;
						ProvisioningStyle = Automatic;
						TestTargetID = 1AC48B841DE6615100505913;
					};
					1AC48BA31DE6615100505913 = {
						CreatedOnToolsVersion = 8.1;
						DevelopmentTeam = 97TQ8HBR2G;
						ProvisioningStyle = Automatic;
						TestTargetID = 1AC48B841DE6615100505913;
					};
				};
			};
			buildConfigurationList = 1AC48B801DE6615000505913 /* Build configuration list for PBXProject "iFlat" */;
			compatibilityVersion = "Xcode 3.2";
			developmentRegion = English;
			hasScannedForEncodings = 0;
			knownRegions = (
				en,
				Base,
			);
			mainGroup = 1AC48B7C1DE6615000505913;
			productRefGroup = 1AC48B7C1DE6615000505913;
			projectDirPath = "";
			projectRoot = "";
			targets = (
				1AC48B841DE6615100505913 /* iFlat */,
				1AC48B981DE6615100505913 /* iFlatTests */,
				1AC48BA31DE6615100505913 /* iFlatUITests */,
			);
		};
/* End PBXProject section */

/* Begin PBXResourcesBuildPhase section */
		1AC48B831DE6615100505913 /* Resources */ = {
			isa = PBXResourcesBuildPhase;
			buildActionMask = 2147483647;
			files = (
				462D7F141DF587B80060807B /* FlatProfile.storyboard in Resources */,
				1AC48B931DE6615100505913 /* LaunchScreen.storyboard in Resources */,
				95E9C1991E194C1C0089ED2A /* GoogleService-Info.plist in Resources */,
				955F425B1E11300900A5BA5A /* EditProfileStoryBoard.storyboard in Resources */,
				95DDDC951E12EE1A00106F24 /* AddFlatStoryBoard.storyboard in Resources */,
				958FB14C1E1714FA00744E59 /* OpenIssueStoryBoard.storyboard in Resources */,
				958FB1521E171CDE00744E59 /* ShowUserProfileStoryboard.storyboard in Resources */,
				80E17F481DFABE4C0020C695 /* ListFlat.storyboard in Resources */,
				1ACDDC531E11775E00E34629 /* MainFlow.storyboard in Resources */,
				1A19484F1E198C8E0009583C /* GoogleService-Info.plist in Resources */,
				95ECDFBC1E1992D400B97265 /* Info.plist in Resources */,
				951A92981DF4E21800199B83 /* EntranceStoryBoard.storyboard in Resources */,
				95FEEDB11E15782B004448F1 /* EditFlatStoryboard.storyboard in Resources */,
				803DE5D91E11AE6000CCB17E /* CellView.xib in Resources */,
				1AC48B901DE6615100505913 /* Assets.xcassets in Resources */,
				46E8E9991DF09B1900C265E3 /* Authentication.storyboard in Resources */,
				803DE5E21E11B9AB00CCB17E /* Reservation.storyboard in Resources */,
			);
			runOnlyForDeploymentPostprocessing = 0;
		};
		1AC48B971DE6615100505913 /* Resources */ = {
			isa = PBXResourcesBuildPhase;
			buildActionMask = 2147483647;
			files = (
			);
			runOnlyForDeploymentPostprocessing = 0;
		};
		1AC48BA21DE6615100505913 /* Resources */ = {
			isa = PBXResourcesBuildPhase;
			buildActionMask = 2147483647;
			files = (
			);
			runOnlyForDeploymentPostprocessing = 0;
		};
/* End PBXResourcesBuildPhase section */

/* Begin PBXShellScriptBuildPhase section */
		0B54DC80F57CE195E7DE8BD7 /* [CP] Embed Pods Frameworks */ = {
			isa = PBXShellScriptBuildPhase;
			buildActionMask = 2147483647;
			files = (
			);
			inputPaths = (
			);
			name = "[CP] Embed Pods Frameworks";
			outputPaths = (
			);
			runOnlyForDeploymentPostprocessing = 0;
			shellPath = /bin/sh;
			shellScript = "\"${SRCROOT}/Pods/Target Support Files/Pods-iFlat-iFlatUITests/Pods-iFlat-iFlatUITests-frameworks.sh\"\n";
			showEnvVarsInLog = 0;
		};
		0D527ABBC07329A3584846F1 /* [CP] Copy Pods Resources */ = {
			isa = PBXShellScriptBuildPhase;
			buildActionMask = 2147483647;
			files = (
			);
			inputPaths = (
			);
			name = "[CP] Copy Pods Resources";
			outputPaths = (
			);
			runOnlyForDeploymentPostprocessing = 0;
			shellPath = /bin/sh;
			shellScript = "\"${SRCROOT}/Pods/Target Support Files/Pods-iFlat-iFlatTests/Pods-iFlat-iFlatTests-resources.sh\"\n";
			showEnvVarsInLog = 0;
		};
		42374DA51C91BE91599FDF59 /* [CP] Check Pods Manifest.lock */ = {
			isa = PBXShellScriptBuildPhase;
			buildActionMask = 2147483647;
			files = (
			);
			inputPaths = (
			);
			name = "[CP] Check Pods Manifest.lock";
			outputPaths = (
			);
			runOnlyForDeploymentPostprocessing = 0;
			shellPath = /bin/sh;
			shellScript = "diff \"${PODS_ROOT}/../Podfile.lock\" \"${PODS_ROOT}/Manifest.lock\" > /dev/null\nif [ $? != 0 ] ; then\n    # print error to STDERR\n    echo \"error: The sandbox is not in sync with the Podfile.lock. Run 'pod install' or update your CocoaPods installation.\" >&2\n    exit 1\nfi\n";
			showEnvVarsInLog = 0;
		};
		4A1EA164397FBD2E95F70C73 /* [CP] Embed Pods Frameworks */ = {
			isa = PBXShellScriptBuildPhase;
			buildActionMask = 2147483647;
			files = (
			);
			inputPaths = (
			);
			name = "[CP] Embed Pods Frameworks";
			outputPaths = (
			);
			runOnlyForDeploymentPostprocessing = 0;
			shellPath = /bin/sh;
			shellScript = "\"${SRCROOT}/Pods/Target Support Files/Pods-iFlat-iFlatTests/Pods-iFlat-iFlatTests-frameworks.sh\"\n";
			showEnvVarsInLog = 0;
		};
		879DD9E8CEDF50407196D05F /* [CP] Copy Pods Resources */ = {
			isa = PBXShellScriptBuildPhase;
			buildActionMask = 2147483647;
			files = (
			);
			inputPaths = (
			);
			name = "[CP] Copy Pods Resources";
			outputPaths = (
			);
			runOnlyForDeploymentPostprocessing = 0;
			shellPath = /bin/sh;
			shellScript = "\"${SRCROOT}/Pods/Target Support Files/Pods-iFlat-iFlatUITests/Pods-iFlat-iFlatUITests-resources.sh\"\n";
			showEnvVarsInLog = 0;
		};
		9EFF6238F662FBEAB0BED4B0 /* [CP] Check Pods Manifest.lock */ = {
			isa = PBXShellScriptBuildPhase;
			buildActionMask = 2147483647;
			files = (
			);
			inputPaths = (
			);
			name = "[CP] Check Pods Manifest.lock";
			outputPaths = (
			);
			runOnlyForDeploymentPostprocessing = 0;
			shellPath = /bin/sh;
			shellScript = "diff \"${PODS_ROOT}/../Podfile.lock\" \"${PODS_ROOT}/Manifest.lock\" > /dev/null\nif [ $? != 0 ] ; then\n    # print error to STDERR\n    echo \"error: The sandbox is not in sync with the Podfile.lock. Run 'pod install' or update your CocoaPods installation.\" >&2\n    exit 1\nfi\n";
			showEnvVarsInLog = 0;
		};
		ADB6879741D17027776FDAD4 /* [CP] Embed Pods Frameworks */ = {
			isa = PBXShellScriptBuildPhase;
			buildActionMask = 2147483647;
			files = (
			);
			inputPaths = (
			);
			name = "[CP] Embed Pods Frameworks";
			outputPaths = (
			);
			runOnlyForDeploymentPostprocessing = 0;
			shellPath = /bin/sh;
			shellScript = "\"${SRCROOT}/Pods/Target Support Files/Pods-iFlat/Pods-iFlat-frameworks.sh\"\n";
			showEnvVarsInLog = 0;
		};
		C837F2EDBD9B66455B5D3F67 /* [CP] Copy Pods Resources */ = {
			isa = PBXShellScriptBuildPhase;
			buildActionMask = 2147483647;
			files = (
			);
			inputPaths = (
			);
			name = "[CP] Copy Pods Resources";
			outputPaths = (
			);
			runOnlyForDeploymentPostprocessing = 0;
			shellPath = /bin/sh;
			shellScript = "\"${SRCROOT}/Pods/Target Support Files/Pods-iFlat/Pods-iFlat-resources.sh\"\n";
			showEnvVarsInLog = 0;
		};
		FD5358864F913D23866E2026 /* [CP] Check Pods Manifest.lock */ = {
			isa = PBXShellScriptBuildPhase;
			buildActionMask = 2147483647;
			files = (
			);
			inputPaths = (
			);
			name = "[CP] Check Pods Manifest.lock";
			outputPaths = (
			);
			runOnlyForDeploymentPostprocessing = 0;
			shellPath = /bin/sh;
			shellScript = "diff \"${PODS_ROOT}/../Podfile.lock\" \"${PODS_ROOT}/Manifest.lock\" > /dev/null\nif [ $? != 0 ] ; then\n    # print error to STDERR\n    echo \"error: The sandbox is not in sync with the Podfile.lock. Run 'pod install' or update your CocoaPods installation.\" >&2\n    exit 1\nfi\n";
			showEnvVarsInLog = 0;
		};
/* End PBXShellScriptBuildPhase section */

/* Begin PBXSourcesBuildPhase section */
		1AC48B811DE6615100505913 /* Sources */ = {
			isa = PBXSourcesBuildPhase;
			buildActionMask = 2147483647;
			files = (
				95AC4F151DFAD82700A7F106 /* FilterModel.swift in Sources */,
				957A65661DF5D8A500844766 /* RenterEditOwnProfieController.swift in Sources */,
				95DDDC971E12EE3D00106F24 /* AddFlatViewController.swift in Sources */,
				1A4917BB1E05DC69009E39DF /* Rate.swift in Sources */,
				1A14671B1E093C1900B691EF /* FilteredFlat.swift in Sources */,
				958FB1501E1716BB00744E59 /* OpenIssueViewController.swift in Sources */,
				958FB1541E17239900744E59 /* ShowUserProfileViewController.swift in Sources */,
				80E17F4E1DFAC9550020C695 /* NumberPlusPicker.swift in Sources */,
				46E8E9B21DF0A0FB00C265E3 /* LoginViewController.swift in Sources */,
				1A6A1F921E15285600D644BD /* spacescell.swift in Sources */,
				1A613D061DFF5A1A0073D4A3 /* Flat.swift in Sources */,
				95FEEDBB1E1594D6004448F1 /* EditPhotoViewController.swift in Sources */,
				46E8E9B01DF0A0F100C265E3 /* RegisterViewController.swift in Sources */,
				95D9EBB31DF65E690066156F /* ConvertString.swift in Sources */,
				1A5303FF1E01E728001CFAEE /* FlatImage.swift in Sources */,
				95DDDC9E1E13161400106F24 /* ChoosePhotoCollectionView.swift in Sources */,
				1AC48BC31DE6625C00505913 /* ControlPanelVC.swift in Sources */,
				95D9EBB71DF6668A0066156F /* ShowAlert.swift in Sources */,
				1AD2C4051E06020B0030FF15 /* TableViewCell.swift in Sources */,
				953CCFB81E0EDDAE002FC590 /* ConvertUrlToImage.swift in Sources */,
				1AD852481E07E67B00A1F5B3 /* FIRFlat.swift in Sources */,
				1A6A1F8F1E1526D800D644BD /* SpacesVC.swift in Sources */,
				95FEEDB71E158D39004448F1 /* EditPhotoCollectionView.swift in Sources */,
				95DDDCA01E13162100106F24 /* ChoosePhotoCollectionViewCell.swift in Sources */,
				1A3440971E16E106006D2F25 /* Reservation.swift in Sources */,
				1A4917BD1E05EBD6009E39DF /* Datebaby.swift in Sources */,
				803DE5DE1E11AF2900CCB17E /* CellView.swift in Sources */,
				1ADCD02C1DF1817200CC08F9 /* ManipulableUser.swift in Sources */,
				95DDDC9B1E1315D100106F24 /* ChoosePhotoViewController.swift in Sources */,
				951A929C1DF4E23100199B83 /* EntranceViewController.swift in Sources */,
				1AD852461E07E67500A1F5B3 /* ManipulableFlat.swift in Sources */,
				803DE57D1E0F410300CCB17E /* FlatImagesCell.swift in Sources */,
				1A9037601E15C31300DFE510 /* ReservationRequest.swift in Sources */,
				95FEEDB91E158D4A004448F1 /* EditPhotoCollectionViewCell.swift in Sources */,
				803DE5E01E11B00200CCB17E /* ReservationViewController.swift in Sources */,
				462D7F1E1DF590F80060807B /* ListFlatCollectionViewCell.swift in Sources */,
				1A90375E1E15A77700DFE510 /* Issue.swift in Sources */,
				1A6EF8311E18BA9100E7AA2E /* Wishcell.swift in Sources */,
				95FEEDB31E158769004448F1 /* EditFlatViewController.swift in Sources */,
				1AD826541E13362B0021EF4F /* SettingsVC.swift in Sources */,
				953CCFBA1E0EFE90002FC590 /* UserExtension.swift in Sources */,
				9535FE2C1E07F6EB00297E90 /* FlatExtension.swift in Sources */,
				1ADCD0281DF1816600CC08F9 /* User.swift in Sources */,
				95FEEDB51E15879C004448F1 /* EditFlatOptionViewController.swift in Sources */,
				462D7F161DF588760060807B /* FlatProfileViewController.swift in Sources */,
				1A9037631E15C7D200DFE510 /* Promotion.swift in Sources */,
				1A24DAE21E036A6E00C49269 /* Querymaster.swift in Sources */,
				1A8A8ADB1DF2B31200AD2378 /* FIRREF.swift in Sources */,
				95ECDFBE1E199F6E00B97265 /* WishListTableView.swift in Sources */,
				80E17F441DFAB5520020C695 /* FiltersViewController.swift in Sources */,
				95DDDC991E12EE9400106F24 /* SearchParameter.swift in Sources */,
				1ADCD02B1DF1817200CC08F9 /* FIRUSER.swift in Sources */,
				1A6EF8331E18BB2E00E7AA2E /* WishVC.swift in Sources */,
				1AC48B891DE6615100505913 /* AppDelegate.swift in Sources */,
				462D7F1C1DF58F7D0060807B /* ListFlatViewController.swift in Sources */,
			);
			runOnlyForDeploymentPostprocessing = 0;
		};
		1AC48B951DE6615100505913 /* Sources */ = {
			isa = PBXSourcesBuildPhase;
			buildActionMask = 2147483647;
			files = (
				1AC48B9E1DE6615100505913 /* UserModelTests.swift in Sources */,
			);
			runOnlyForDeploymentPostprocessing = 0;
		};
		1AC48BA01DE6615100505913 /* Sources */ = {
			isa = PBXSourcesBuildPhase;
			buildActionMask = 2147483647;
			files = (
				1AC48BA91DE6615100505913 /* iFlatUITests.swift in Sources */,
			);
			runOnlyForDeploymentPostprocessing = 0;
		};
/* End PBXSourcesBuildPhase section */

/* Begin PBXTargetDependency section */
		1AC48B9B1DE6615100505913 /* PBXTargetDependency */ = {
			isa = PBXTargetDependency;
			target = 1AC48B841DE6615100505913 /* iFlat */;
			targetProxy = 1AC48B9A1DE6615100505913 /* PBXContainerItemProxy */;
		};
		1AC48BA61DE6615100505913 /* PBXTargetDependency */ = {
			isa = PBXTargetDependency;
			target = 1AC48B841DE6615100505913 /* iFlat */;
			targetProxy = 1AC48BA51DE6615100505913 /* PBXContainerItemProxy */;
		};
/* End PBXTargetDependency section */

/* Begin PBXVariantGroup section */
		1AC48B911DE6615100505913 /* LaunchScreen.storyboard */ = {
			isa = PBXVariantGroup;
			children = (
				1AC48B921DE6615100505913 /* Base */,
			);
			name = LaunchScreen.storyboard;
			path = iFlat;
			sourceTree = "<group>";
		};
/* End PBXVariantGroup section */

/* Begin XCBuildConfiguration section */
		1AC48BAB1DE6615100505913 /* Debug */ = {
			isa = XCBuildConfiguration;
			buildSettings = {
				ALWAYS_SEARCH_USER_PATHS = NO;
				CLANG_ANALYZER_NONNULL = YES;
				CLANG_CXX_LANGUAGE_STANDARD = "gnu++0x";
				CLANG_CXX_LIBRARY = "libc++";
				CLANG_ENABLE_MODULES = YES;
				CLANG_ENABLE_OBJC_ARC = YES;
				CLANG_WARN_BOOL_CONVERSION = YES;
				CLANG_WARN_CONSTANT_CONVERSION = YES;
				CLANG_WARN_DIRECT_OBJC_ISA_USAGE = YES_ERROR;
				CLANG_WARN_DOCUMENTATION_COMMENTS = YES;
				CLANG_WARN_EMPTY_BODY = YES;
				CLANG_WARN_ENUM_CONVERSION = YES;
				CLANG_WARN_INFINITE_RECURSION = YES;
				CLANG_WARN_INT_CONVERSION = YES;
				CLANG_WARN_OBJC_ROOT_CLASS = YES_ERROR;
				CLANG_WARN_SUSPICIOUS_MOVE = YES;
				CLANG_WARN_SUSPICIOUS_MOVES = YES;
				CLANG_WARN_UNREACHABLE_CODE = YES;
				CLANG_WARN__DUPLICATE_METHOD_MATCH = YES;
				"CODE_SIGN_IDENTITY[sdk=iphoneos*]" = "iPhone Developer";
				COPY_PHASE_STRIP = NO;
				DEBUG_INFORMATION_FORMAT = dwarf;
				ENABLE_STRICT_OBJC_MSGSEND = YES;
				ENABLE_TESTABILITY = YES;
				GCC_C_LANGUAGE_STANDARD = gnu99;
				GCC_DYNAMIC_NO_PIC = NO;
				GCC_NO_COMMON_BLOCKS = YES;
				GCC_OPTIMIZATION_LEVEL = 0;
				GCC_PREPROCESSOR_DEFINITIONS = (
					"DEBUG=1",
					"$(inherited)",
				);
				GCC_WARN_64_TO_32_BIT_CONVERSION = YES;
				GCC_WARN_ABOUT_RETURN_TYPE = YES_ERROR;
				GCC_WARN_UNDECLARED_SELECTOR = YES;
				GCC_WARN_UNINITIALIZED_AUTOS = YES_AGGRESSIVE;
				GCC_WARN_UNUSED_FUNCTION = YES;
				GCC_WARN_UNUSED_VARIABLE = YES;
				IPHONEOS_DEPLOYMENT_TARGET = 10.0;
				MTL_ENABLE_DEBUG_INFO = YES;
				ONLY_ACTIVE_ARCH = YES;
				SDKROOT = iphoneos;
				SWIFT_ACTIVE_COMPILATION_CONDITIONS = DEBUG;
				SWIFT_OPTIMIZATION_LEVEL = "-Onone";
				TARGETED_DEVICE_FAMILY = "1,2";
			};
			name = Debug;
		};
		1AC48BAC1DE6615100505913 /* Release */ = {
			isa = XCBuildConfiguration;
			buildSettings = {
				ALWAYS_SEARCH_USER_PATHS = NO;
				CLANG_ANALYZER_NONNULL = YES;
				CLANG_CXX_LANGUAGE_STANDARD = "gnu++0x";
				CLANG_CXX_LIBRARY = "libc++";
				CLANG_ENABLE_MODULES = YES;
				CLANG_ENABLE_OBJC_ARC = YES;
				CLANG_WARN_BOOL_CONVERSION = YES;
				CLANG_WARN_CONSTANT_CONVERSION = YES;
				CLANG_WARN_DIRECT_OBJC_ISA_USAGE = YES_ERROR;
				CLANG_WARN_DOCUMENTATION_COMMENTS = YES;
				CLANG_WARN_EMPTY_BODY = YES;
				CLANG_WARN_ENUM_CONVERSION = YES;
				CLANG_WARN_INFINITE_RECURSION = YES;
				CLANG_WARN_INT_CONVERSION = YES;
				CLANG_WARN_OBJC_ROOT_CLASS = YES_ERROR;
				CLANG_WARN_SUSPICIOUS_MOVE = YES;
				CLANG_WARN_SUSPICIOUS_MOVES = YES;
				CLANG_WARN_UNREACHABLE_CODE = YES;
				CLANG_WARN__DUPLICATE_METHOD_MATCH = YES;
				"CODE_SIGN_IDENTITY[sdk=iphoneos*]" = "iPhone Developer";
				COPY_PHASE_STRIP = NO;
				DEBUG_INFORMATION_FORMAT = "dwarf-with-dsym";
				ENABLE_NS_ASSERTIONS = NO;
				ENABLE_STRICT_OBJC_MSGSEND = YES;
				GCC_C_LANGUAGE_STANDARD = gnu99;
				GCC_NO_COMMON_BLOCKS = YES;
				GCC_WARN_64_TO_32_BIT_CONVERSION = YES;
				GCC_WARN_ABOUT_RETURN_TYPE = YES_ERROR;
				GCC_WARN_UNDECLARED_SELECTOR = YES;
				GCC_WARN_UNINITIALIZED_AUTOS = YES_AGGRESSIVE;
				GCC_WARN_UNUSED_FUNCTION = YES;
				GCC_WARN_UNUSED_VARIABLE = YES;
				IPHONEOS_DEPLOYMENT_TARGET = 10.0;
				MTL_ENABLE_DEBUG_INFO = NO;
				SDKROOT = iphoneos;
				SWIFT_OPTIMIZATION_LEVEL = "-Owholemodule";
				TARGETED_DEVICE_FAMILY = "1,2";
				VALIDATE_PRODUCT = YES;
			};
			name = Release;
		};
		1AC48BAE1DE6615100505913 /* Debug */ = {
			isa = XCBuildConfiguration;
			baseConfigurationReference = 8CD3F5AE4D0D6CB95643B835 /* Pods-iFlat.debug.xcconfig */;
			buildSettings = {
				ASSETCATALOG_COMPILER_APPICON_NAME = AppIcon;
				CODE_SIGN_ENTITLEMENTS = iFlat/iFlat.entitlements;
				"CODE_SIGN_IDENTITY[sdk=iphoneos*]" = "iPhone Developer";
				DEVELOPMENT_TEAM = 4AZ5F7WC68;
				INFOPLIST_FILE = "$(SRCROOT)/Info.plist";
				IPHONEOS_DEPLOYMENT_TARGET = 10.0;
				LD_RUNPATH_SEARCH_PATHS = "$(inherited) @executable_path/Frameworks";
				PRODUCT_BUNDLE_IDENTIFIER = net.se301.iFlat.iFlat;
				PRODUCT_NAME = "$(TARGET_NAME)";
				SUPPORTED_PLATFORMS = "iphonesimulator iphoneos";
				SWIFT_VERSION = 3.0;
				TARGETED_DEVICE_FAMILY = "1,2";
			};
			name = Debug;
		};
		1AC48BAF1DE6615100505913 /* Release */ = {
			isa = XCBuildConfiguration;
			baseConfigurationReference = 10BA7B8B0ACD6851D7E5E3D1 /* Pods-iFlat.release.xcconfig */;
			buildSettings = {
				ASSETCATALOG_COMPILER_APPICON_NAME = AppIcon;
				CODE_SIGN_ENTITLEMENTS = iFlat/iFlat.entitlements;
				"CODE_SIGN_IDENTITY[sdk=iphoneos*]" = "iPhone Developer";
				DEVELOPMENT_TEAM = 4AZ5F7WC68;
				INFOPLIST_FILE = "$(SRCROOT)/Info.plist";
				IPHONEOS_DEPLOYMENT_TARGET = 10.0;
				LD_RUNPATH_SEARCH_PATHS = "$(inherited) @executable_path/Frameworks";
				PRODUCT_BUNDLE_IDENTIFIER = net.se301.iFlat.iFlat;
				PRODUCT_NAME = "$(TARGET_NAME)";
				SUPPORTED_PLATFORMS = "iphonesimulator iphoneos";
				SWIFT_VERSION = 3.0;
				TARGETED_DEVICE_FAMILY = "1,2";
			};
			name = Release;
		};
		1AC48BB11DE6615100505913 /* Debug */ = {
			isa = XCBuildConfiguration;
			baseConfigurationReference = 7771EB5A3B04A913699C8FAE /* Pods-iFlat-iFlatTests.debug.xcconfig */;
			buildSettings = {
				BUNDLE_LOADER = "$(TEST_HOST)";
				DEVELOPMENT_TEAM = 97TQ8HBR2G;
				INFOPLIST_FILE = iFlatTests/Info.plist;
				LD_RUNPATH_SEARCH_PATHS = "$(inherited) @executable_path/Frameworks @loader_path/Frameworks";
				PRODUCT_BUNDLE_IDENTIFIER = net.se301.iFlat.iFlatTests;
				PRODUCT_NAME = "$(TARGET_NAME)";
				SWIFT_VERSION = 3.0;
				TEST_HOST = "$(BUILT_PRODUCTS_DIR)/iFlat.app/iFlat";
			};
			name = Debug;
		};
		1AC48BB21DE6615100505913 /* Release */ = {
			isa = XCBuildConfiguration;
			baseConfigurationReference = A260F6D625F1875657F4E425 /* Pods-iFlat-iFlatTests.release.xcconfig */;
			buildSettings = {
				BUNDLE_LOADER = "$(TEST_HOST)";
				DEVELOPMENT_TEAM = 97TQ8HBR2G;
				INFOPLIST_FILE = iFlatTests/Info.plist;
				LD_RUNPATH_SEARCH_PATHS = "$(inherited) @executable_path/Frameworks @loader_path/Frameworks";
				PRODUCT_BUNDLE_IDENTIFIER = net.se301.iFlat.iFlatTests;
				PRODUCT_NAME = "$(TARGET_NAME)";
				SWIFT_VERSION = 3.0;
				TEST_HOST = "$(BUILT_PRODUCTS_DIR)/iFlat.app/iFlat";
			};
			name = Release;
		};
		1AC48BB41DE6615100505913 /* Debug */ = {
			isa = XCBuildConfiguration;
			baseConfigurationReference = 595C412138A26C34D75ABA99 /* Pods-iFlat-iFlatUITests.debug.xcconfig */;
			buildSettings = {
				DEVELOPMENT_TEAM = 97TQ8HBR2G;
				INFOPLIST_FILE = iFlatUITests/Info.plist;
				LD_RUNPATH_SEARCH_PATHS = "$(inherited) @executable_path/Frameworks @loader_path/Frameworks";
				PRODUCT_BUNDLE_IDENTIFIER = net.se301.iFlat.iFlatUITests;
				PRODUCT_NAME = "$(TARGET_NAME)";
				SWIFT_VERSION = 3.0;
				TEST_TARGET_NAME = iFlat;
			};
			name = Debug;
		};
		1AC48BB51DE6615100505913 /* Release */ = {
			isa = XCBuildConfiguration;
			baseConfigurationReference = 754FD5635DE2FCAEA85E3DC4 /* Pods-iFlat-iFlatUITests.release.xcconfig */;
			buildSettings = {
				DEVELOPMENT_TEAM = 97TQ8HBR2G;
				INFOPLIST_FILE = iFlatUITests/Info.plist;
				LD_RUNPATH_SEARCH_PATHS = "$(inherited) @executable_path/Frameworks @loader_path/Frameworks";
				PRODUCT_BUNDLE_IDENTIFIER = net.se301.iFlat.iFlatUITests;
				PRODUCT_NAME = "$(TARGET_NAME)";
				SWIFT_VERSION = 3.0;
				TEST_TARGET_NAME = iFlat;
			};
			name = Release;
		};
/* End XCBuildConfiguration section */

/* Begin XCConfigurationList section */
		1AC48B801DE6615000505913 /* Build configuration list for PBXProject "iFlat" */ = {
			isa = XCConfigurationList;
			buildConfigurations = (
				1AC48BAB1DE6615100505913 /* Debug */,
				1AC48BAC1DE6615100505913 /* Release */,
			);
			defaultConfigurationIsVisible = 0;
			defaultConfigurationName = Release;
		};
		1AC48BAD1DE6615100505913 /* Build configuration list for PBXNativeTarget "iFlat" */ = {
			isa = XCConfigurationList;
			buildConfigurations = (
				1AC48BAE1DE6615100505913 /* Debug */,
				1AC48BAF1DE6615100505913 /* Release */,
			);
			defaultConfigurationIsVisible = 0;
			defaultConfigurationName = Release;
		};
		1AC48BB01DE6615100505913 /* Build configuration list for PBXNativeTarget "iFlatTests" */ = {
			isa = XCConfigurationList;
			buildConfigurations = (
				1AC48BB11DE6615100505913 /* Debug */,
				1AC48BB21DE6615100505913 /* Release */,
			);
			defaultConfigurationIsVisible = 0;
			defaultConfigurationName = Release;
		};
		1AC48BB31DE6615100505913 /* Build configuration list for PBXNativeTarget "iFlatUITests" */ = {
			isa = XCConfigurationList;
			buildConfigurations = (
				1AC48BB41DE6615100505913 /* Debug */,
				1AC48BB51DE6615100505913 /* Release */,
			);
			defaultConfigurationIsVisible = 0;
			defaultConfigurationName = Release;
		};
/* End XCConfigurationList section */
	};
	rootObject = 1AC48B7D1DE6615000505913 /* Project object */;
}
